
Microsoft Visual Studio Solution File, Format Version 12.00
# Visual Studio Version 17
VisualStudioVersion = 17.4.33205.214
MinimumVisualStudioVersion = 10.0.40219.1
Project("{FAE04EC0-301F-11D3-BF4B-00C04F79EFBC}") = "PatientManagementAPI", "PatientManagementAPI\PatientManagementAPI.csproj", "{BCB93659-626B-402B-86CA-7CC191B693FA}"
EndProject
Global
	GlobalSection(SolutionConfigurationPlatforms) = preSolution
		Debug|Any CPU = Debug|Any CPU
		Release|Any CPU = Release|Any CPU
	EndGlobalSection
	GlobalSection(ProjectConfigurationPlatforms) = postSolution
		{BCB93659-626B-402B-86CA-7CC191B693FA}.Debug|Any CPU.ActiveCfg = Debug|Any CPU
		{BCB93659-626B-402B-86CA-7CC191B693FA}.Debug|Any CPU.Build.0 = Debug|Any CPU
		{BCB93659-626B-402B-86CA-7CC191B693FA}.Release|Any CPU.ActiveCfg = Release|Any CPU
		{BCB93659-626B-402B-86CA-7CC191B693FA}.Release|Any CPU.Build.0 = Release|Any CPU
	EndGlobalSection
	GlobalSection(SolutionProperties) = preSolution
		HideSolutionNode = FALSE
	EndGlobalSection
	GlobalSection(ExtensibilityGlobals) = postSolution
		SolutionGuid = {D4AD56A9-E70C-4095-95C9-7DDAA572564D}
	EndGlobalSection
EndGlobal
